
Microsoft Visual Studio Solution File, Format Version 12.00
# Visual Studio 14
VisualStudioVersion = 14.0.24720.0
MinimumVisualStudioVersion = 10.0.40219.1
Project("{FAE04EC0-301F-11D3-BF4B-00C04F79EFBC}") = "devbright", "devbright\devbright.csproj", "{CE228E5B-4CD3-4A6C-AD29-C3B262DCE304}"
EndProject
Project("{FAE04EC0-301F-11D3-BF4B-00C04F79EFBC}") = "devbright.Tests", "devbright.Tests\devbright.Tests.csproj", "{2BB68752-00DD-4CBB-AA0E-2290228C04C2}"
EndProject
Global
	GlobalSection(SolutionConfigurationPlatforms) = preSolution
		Debug|Any CPU = Debug|Any CPU
		Release|Any CPU = Release|Any CPU
	EndGlobalSection
	GlobalSection(ProjectConfigurationPlatforms) = postSolution
		{CE228E5B-4CD3-4A6C-AD29-C3B262DCE304}.Debug|Any CPU.ActiveCfg = Debug|Any CPU
		{CE228E5B-4CD3-4A6C-AD29-C3B262DCE304}.Debug|Any CPU.Build.0 = Debug|Any CPU
		{CE228E5B-4CD3-4A6C-AD29-C3B262DCE304}.Release|Any CPU.ActiveCfg = Release|Any CPU
		{CE228E5B-4CD3-4A6C-AD29-C3B262DCE304}.Release|Any CPU.Build.0 = Release|Any CPU
		{2BB68752-00DD-4CBB-AA0E-2290228C04C2}.Debug|Any CPU.ActiveCfg = Debug|Any CPU
		{2BB68752-00DD-4CBB-AA0E-2290228C04C2}.Debug|Any CPU.Build.0 = Debug|Any CPU
		{2BB68752-00DD-4CBB-AA0E-2290228C04C2}.Release|Any CPU.ActiveCfg = Release|Any CPU
		{2BB68752-00DD-4CBB-AA0E-2290228C04C2}.Release|Any CPU.Build.0 = Release|Any CPU
	EndGlobalSection
	GlobalSection(SolutionProperties) = preSolution
		HideSolutionNode = FALSE
	EndGlobalSection
EndGlobal
